
Microsoft Visual Studio Solution File, Format Version 12.00
Project("{FAE04EC0-301F-11D3-BF4B-00C04F79EFBC}") = "CardsAPI", "CardsAPI\CardsAPI.csproj", "{88A682AD-49F0-462A-A943-04E151B95E4E}"
EndProject
Project("{FAE04EC0-301F-11D3-BF4B-00C04F79EFBC}") = "TelegramBot", "TelegramBot\TelegramBot.csproj", "{ECA79555-3051-4D31-9BD4-EFEC661C686D}"
EndProject
Global
	GlobalSection(SolutionConfigurationPlatforms) = preSolution
		Debug|Any CPU = Debug|Any CPU
		Release|Any CPU = Release|Any CPU
	EndGlobalSection
	GlobalSection(ProjectConfigurationPlatforms) = postSolution
		{88A682AD-49F0-462A-A943-04E151B95E4E}.Debug|Any CPU.ActiveCfg = Debug|Any CPU
		{88A682AD-49F0-462A-A943-04E151B95E4E}.Debug|Any CPU.Build.0 = Debug|Any CPU
		{88A682AD-49F0-462A-A943-04E151B95E4E}.Release|Any CPU.ActiveCfg = Release|Any CPU
		{88A682AD-49F0-462A-A943-04E151B95E4E}.Release|Any CPU.Build.0 = Release|Any CPU
		{ECA79555-3051-4D31-9BD4-EFEC661C686D}.Debug|Any CPU.ActiveCfg = Debug|Any CPU
		{ECA79555-3051-4D31-9BD4-EFEC661C686D}.Debug|Any CPU.Build.0 = Debug|Any CPU
		{ECA79555-3051-4D31-9BD4-EFEC661C686D}.Release|Any CPU.ActiveCfg = Release|Any CPU
		{ECA79555-3051-4D31-9BD4-EFEC661C686D}.Release|Any CPU.Build.0 = Release|Any CPU
	EndGlobalSection
EndGlobal
